
Microsoft Visual Studio Solution File, Format Version 12.00
# Visual Studio 15
VisualStudioVersion = 15.0.28307.329
MinimumVisualStudioVersion = 10.0.40219.1
Project("{FAE04EC0-301F-11D3-BF4B-00C04F79EFBC}") = "Milestone1", "Milestone1\Milestone1.csproj", "{98B37E50-9FAF-4496-BC1B-B30CC2686535}"
EndProject
Global
	GlobalSection(SolutionConfigurationPlatforms) = preSolution
		Debug|Any CPU = Debug|Any CPU
		Release|Any CPU = Release|Any CPU
	EndGlobalSection
	GlobalSection(ProjectConfigurationPlatforms) = postSolution
		{98B37E50-9FAF-4496-BC1B-B30CC2686535}.Debug|Any CPU.ActiveCfg = Debug|Any CPU
		{98B37E50-9FAF-4496-BC1B-B30CC2686535}.Debug|Any CPU.Build.0 = Debug|Any CPU
		{98B37E50-9FAF-4496-BC1B-B30CC2686535}.Release|Any CPU.ActiveCfg = Release|Any CPU
		{98B37E50-9FAF-4496-BC1B-B30CC2686535}.Release|Any CPU.Build.0 = Release|Any CPU
	EndGlobalSection
	GlobalSection(SolutionProperties) = preSolution
		HideSolutionNode = FALSE
	EndGlobalSection
	GlobalSection(ExtensibilityGlobals) = postSolution
		SolutionGuid = {F10A146E-4942-488F-AADB-8494FF176B9B}
	EndGlobalSection
EndGlobal
